
Microsoft Visual Studio Solution File, Format Version 12.00
# Visual Studio 15
Project("{FAE04EC0-301F-11D3-BF4B-00C04F79EFBC}") = "Assembly-CSharp", "Assembly-CSharp.csproj", "{B0255338-3976-8276-B4BC-808CFD1C1E99}"
EndProject
Project("{FAE04EC0-301F-11D3-BF4B-00C04F79EFBC}") = "Assembly-CSharp-Editor", "Assembly-CSharp-Editor.csproj", "{1BAE83E9-6295-F492-DF74-606A2811555A}"
EndProject
Global
	GlobalSection(SolutionConfigurationPlatforms) = preSolution
		Debug|Any CPU = Debug|Any CPU
		Release|Any CPU = Release|Any CPU
	EndGlobalSection
	GlobalSection(ProjectConfigurationPlatforms) = postSolution
		{B0255338-3976-8276-B4BC-808CFD1C1E99}.Debug|Any CPU.ActiveCfg = Debug|Any CPU
		{B0255338-3976-8276-B4BC-808CFD1C1E99}.Debug|Any CPU.Build.0 = Debug|Any CPU
		{B0255338-3976-8276-B4BC-808CFD1C1E99}.Release|Any CPU.ActiveCfg = Release|Any CPU
		{B0255338-3976-8276-B4BC-808CFD1C1E99}.Release|Any CPU.Build.0 = Release|Any CPU
		{1BAE83E9-6295-F492-DF74-606A2811555A}.Debug|Any CPU.ActiveCfg = Debug|Any CPU
		{1BAE83E9-6295-F492-DF74-606A2811555A}.Debug|Any CPU.Build.0 = Debug|Any CPU
		{1BAE83E9-6295-F492-DF74-606A2811555A}.Release|Any CPU.ActiveCfg = Release|Any CPU
		{1BAE83E9-6295-F492-DF74-606A2811555A}.Release|Any CPU.Build.0 = Release|Any CPU
	EndGlobalSection
	GlobalSection(SolutionProperties) = preSolution
		HideSolutionNode = FALSE
	EndGlobalSection
EndGlobal
